// !$*UTF8*$!
{
	archiveVersion = 1;
	classes = {
	};
	objectVersion = 56;
	objects = {

/* Begin PBXBuildFile section */
		33821D552B188B9300EE70ED /* AlertViewExtension.swift in Sources */ = {isa = PBXBuildFile; fileRef = 33821D542B188B9300EE70ED /* AlertViewExtension.swift */; };
		33821D592B188C4B00EE70ED /* LoginUserModal.swift in Sources */ = {isa = PBXBuildFile; fileRef = 33821D582B188C4B00EE70ED /* LoginUserModal.swift */; };
		33821D5B2B188DA400EE70ED /* Constants.swift in Sources */ = {isa = PBXBuildFile; fileRef = 33821D5A2B188DA400EE70ED /* Constants.swift */; };
		33821D602B18961800EE70ED /* ListOfImagesViewController.swift in Sources */ = {isa = PBXBuildFile; fileRef = 33821D5F2B18961800EE70ED /* ListOfImagesViewController.swift */; };
		33821D622B18965800EE70ED /* ProfileViewController.swift in Sources */ = {isa = PBXBuildFile; fileRef = 33821D612B18965800EE70ED /* ProfileViewController.swift */; };
		33821D642B18AD0000EE70ED /* myCollectionViewCell.swift in Sources */ = {isa = PBXBuildFile; fileRef = 33821D632B18AD0000EE70ED /* myCollectionViewCell.swift */; };
		33821D662B18BD8300EE70ED /* apicalling.swift in Sources */ = {isa = PBXBuildFile; fileRef = 33821D652B18BD8300EE70ED /* apicalling.swift */; };
		33821D6A2B18D23E00EE70ED /* PhotosResponseModal.swift in Sources */ = {isa = PBXBuildFile; fileRef = 33821D692B18D23E00EE70ED /* PhotosResponseModal.swift */; };
		33821D6C2B18D3DC00EE70ED /* ImageModal.swift in Sources */ = {isa = PBXBuildFile; fileRef = 33821D6B2B18D3DC00EE70ED /* ImageModal.swift */; };
		33821D6E2B18D77100EE70ED /* ShadowUIView.swift in Sources */ = {isa = PBXBuildFile; fileRef = 33821D6D2B18D77100EE70ED /* ShadowUIView.swift */; };
		33D690782B1875CC0028B220 /* AppDelegate.swift in Sources */ = {isa = PBXBuildFile; fileRef = 33D690772B1875CC0028B220 /* AppDelegate.swift */; };
		33D6907A2B1875CC0028B220 /* SceneDelegate.swift in Sources */ = {isa = PBXBuildFile; fileRef = 33D690792B1875CC0028B220 /* SceneDelegate.swift */; };
		33D6907C2B1875CC0028B220 /* GoogleSignInViewController.swift in Sources */ = {isa = PBXBuildFile; fileRef = 33D6907B2B1875CC0028B220 /* GoogleSignInViewController.swift */; };
		33D6907F2B1875CC0028B220 /* Main.storyboard in Resources */ = {isa = PBXBuildFile; fileRef = 33D6907D2B1875CC0028B220 /* Main.storyboard */; };
		33D690822B1875CC0028B220 /* InterviewTask_Manasa.xcdatamodeld in Sources */ = {isa = PBXBuildFile; fileRef = 33D690802B1875CC0028B220 /* InterviewTask_Manasa.xcdatamodeld */; };
		33D690842B1875CD0028B220 /* Assets.xcassets in Resources */ = {isa = PBXBuildFile; fileRef = 33D690832B1875CD0028B220 /* Assets.xcassets */; };
		33D690872B1875CD0028B220 /* LaunchScreen.storyboard in Resources */ = {isa = PBXBuildFile; fileRef = 33D690852B1875CD0028B220 /* LaunchScreen.storyboard */; };
		5636A327E5DF015BBB3009CE /* Pods_InterviewTask_Manasa.framework in Frameworks */ = {isa = PBXBuildFile; fileRef = 1E8A1DF0CF669FA64A2D2710 /* Pods_InterviewTask_Manasa.framework */; };
/* End PBXBuildFile section */

/* Begin PBXFileReference section */
		00F67CA4CA776996A34B93C3 /* Pods-InterviewTask_Manasa.debug.xcconfig */ = {isa = PBXFileReference; includeInIndex = 1; lastKnownFileType = text.xcconfig; name = "Pods-InterviewTask_Manasa.debug.xcconfig"; path = "Target Support Files/Pods-InterviewTask_Manasa/Pods-InterviewTask_Manasa.debug.xcconfig"; sourceTree = "<group>"; };
		1E8A1DF0CF669FA64A2D2710 /* Pods_InterviewTask_Manasa.framework */ = {isa = PBXFileReference; explicitFileType = wrapper.framework; includeInIndex = 0; path = Pods_InterviewTask_Manasa.framework; sourceTree = BUILT_PRODUCTS_DIR; };
		33821D542B188B9300EE70ED /* AlertViewExtension.swift */ = {isa = PBXFileReference; lastKnownFileType = sourcecode.swift; path = AlertViewExtension.swift; sourceTree = "<group>"; };
		33821D582B188C4B00EE70ED /* LoginUserModal.swift */ = {isa = PBXFileReference; lastKnownFileType = sourcecode.swift; path = LoginUserModal.swift; sourceTree = "<group>"; };
		33821D5A2B188DA400EE70ED /* Constants.swift */ = {isa = PBXFileReference; lastKnownFileType = sourcecode.swift; path = Constants.swift; sourceTree = "<group>"; };
		33821D5F2B18961800EE70ED /* ListOfImagesViewController.swift */ = {isa = PBXFileReference; lastKnownFileType = sourcecode.swift; path = ListOfImagesViewController.swift; sourceTree = "<group>"; };
		33821D612B18965800EE70ED /* ProfileViewController.swift */ = {isa = PBXFileReference; lastKnownFileType = sourcecode.swift; path = ProfileViewController.swift; sourceTree = "<group>"; };
		33821D632B18AD0000EE70ED /* myCollectionViewCell.swift */ = {isa = PBXFileReference; lastKnownFileType = sourcecode.swift; path = myCollectionViewCell.swift; sourceTree = "<group>"; };
		33821D652B18BD8300EE70ED /* apicalling.swift */ = {isa = PBXFileReference; lastKnownFileType = sourcecode.swift; path = apicalling.swift; sourceTree = "<group>"; };
		33821D692B18D23E00EE70ED /* PhotosResponseModal.swift */ = {isa = PBXFileReference; lastKnownFileType = sourcecode.swift; path = PhotosResponseModal.swift; sourceTree = "<group>"; };
		33821D6B2B18D3DC00EE70ED /* ImageModal.swift */ = {isa = PBXFileReference; lastKnownFileType = sourcecode.swift; path = ImageModal.swift; sourceTree = "<group>"; };
		33821D6D2B18D77100EE70ED /* ShadowUIView.swift */ = {isa = PBXFileReference; lastKnownFileType = sourcecode.swift; path = ShadowUIView.swift; sourceTree = "<group>"; };
		33D690742B1875CC0028B220 /* InterviewTask_Manasa.app */ = {isa = PBXFileReference; explicitFileType = wrapper.application; includeInIndex = 0; path = InterviewTask_Manasa.app; sourceTree = BUILT_PRODUCTS_DIR; };
		33D690772B1875CC0028B220 /* AppDelegate.swift */ = {isa = PBXFileReference; lastKnownFileType = sourcecode.swift; path = AppDelegate.swift; sourceTree = "<group>"; };
		33D690792B1875CC0028B220 /* SceneDelegate.swift */ = {isa = PBXFileReference; lastKnownFileType = sourcecode.swift; path = SceneDelegate.swift; sourceTree = "<group>"; };
		33D6907B2B1875CC0028B220 /* GoogleSignInViewController.swift */ = {isa = PBXFileReference; lastKnownFileType = sourcecode.swift; path = GoogleSignInViewController.swift; sourceTree = "<group>"; };
		33D6907E2B1875CC0028B220 /* Base */ = {isa = PBXFileReference; lastKnownFileType = file.storyboard; name = Base; path = Base.lproj/Main.storyboard; sourceTree = "<group>"; };
		33D690812B1875CC0028B220 /* InterviewTask_Manasa.xcdatamodel */ = {isa = PBXFileReference; lastKnownFileType = wrapper.xcdatamodel; path = InterviewTask_Manasa.xcdatamodel; sourceTree = "<group>"; };
		33D690832B1875CD0028B220 /* Assets.xcassets */ = {isa = PBXFileReference; lastKnownFileType = folder.assetcatalog; path = Assets.xcassets; sourceTree = "<group>"; };
		33D690862B1875CD0028B220 /* Base */ = {isa = PBXFileReference; lastKnownFileType = file.storyboard; name = Base; path = Base.lproj/LaunchScreen.storyboard; sourceTree = "<group>"; };
		33D690882B1875CD0028B220 /* Info.plist */ = {isa = PBXFileReference; lastKnownFileType = text.plist.xml; path = Info.plist; sourceTree = "<group>"; };
		DBEC44522FD3594F580C80DA /* Pods-InterviewTask_Manasa.release.xcconfig */ = {isa = PBXFileReference; includeInIndex = 1; lastKnownFileType = text.xcconfig; name = "Pods-InterviewTask_Manasa.release.xcconfig"; path = "Target Support Files/Pods-InterviewTask_Manasa/Pods-InterviewTask_Manasa.release.xcconfig"; sourceTree = "<group>"; };
/* End PBXFileReference section */

/* Begin PBXFrameworksBuildPhase section */
		33D690712B1875CC0028B220 /* Frameworks */ = {
			isa = PBXFrameworksBuildPhase;
			buildActionMask = 2147483647;
			files = (
				5636A327E5DF015BBB3009CE /* Pods_InterviewTask_Manasa.framework in Frameworks */,
			);
			runOnlyForDeploymentPostprocessing = 0;
		};
/* End PBXFrameworksBuildPhase section */

/* Begin PBXGroup section */
		2877C06101794A0C6D8E9DDE /* Pods */ = {
			isa = PBXGroup;
			children = (
				00F67CA4CA776996A34B93C3 /* Pods-InterviewTask_Manasa.debug.xcconfig */,
				DBEC44522FD3594F580C80DA /* Pods-InterviewTask_Manasa.release.xcconfig */,
			);
			path = Pods;
			sourceTree = "<group>";
		};
		33821D532B188B7D00EE70ED /* Extensions */ = {
			isa = PBXGroup;
			children = (
				33821D542B188B9300EE70ED /* AlertViewExtension.swift */,
				33821D6D2B18D77100EE70ED /* ShadowUIView.swift */,
			);
			path = Extensions;
			sourceTree = "<group>";
		};
		33821D562B188C2E00EE70ED /* Constants */ = {
			isa = PBXGroup;
			children = (
				33821D5A2B188DA400EE70ED /* Constants.swift */,
				33821D6B2B18D3DC00EE70ED /* ImageModal.swift */,
			);
			path = Constants;
			sourceTree = "<group>";
		};
		33821D572B188C3700EE70ED /* Modal */ = {
			isa = PBXGroup;
			children = (
				33821D582B188C4B00EE70ED /* LoginUserModal.swift */,
			);
			path = Modal;
			sourceTree = "<group>";
		};
		33821D5C2B1895B400EE70ED /* View */ = {
			isa = PBXGroup;
			children = (
				33D6907D2B1875CC0028B220 /* Main.storyboard */,
				33D690852B1875CD0028B220 /* LaunchScreen.storyboard */,
			);
			path = View;
			sourceTree = "<group>";
		};
		33821D5D2B1895C100EE70ED /* ViewModal */ = {
			isa = PBXGroup;
			children = (
				33D690792B1875CC0028B220 /* SceneDelegate.swift */,
				33D690772B1875CC0028B220 /* AppDelegate.swift */,
				33821D652B18BD8300EE70ED /* apicalling.swift */,
				33821D692B18D23E00EE70ED /* PhotosResponseModal.swift */,
			);
			path = ViewModal;
			sourceTree = "<group>";
		};
		33821D5E2B1895E700EE70ED /* Controllers */ = {
			isa = PBXGroup;
			children = (
				33D6907B2B1875CC0028B220 /* GoogleSignInViewController.swift */,
				33821D5F2B18961800EE70ED /* ListOfImagesViewController.swift */,
				33821D632B18AD0000EE70ED /* myCollectionViewCell.swift */,
				33821D612B18965800EE70ED /* ProfileViewController.swift */,
			);
			path = Controllers;
			sourceTree = "<group>";
		};
		33D6906B2B1875CC0028B220 = {
			isa = PBXGroup;
			children = (
				33D690762B1875CC0028B220 /* InterviewTask_Manasa */,
				33D690752B1875CC0028B220 /* Products */,
				2877C06101794A0C6D8E9DDE /* Pods */,
				D0EE76A0704443060DABEC61 /* Frameworks */,
			);
			sourceTree = "<group>";
		};
		33D690752B1875CC0028B220 /* Products */ = {
			isa = PBXGroup;
			children = (
				33D690742B1875CC0028B220 /* InterviewTask_Manasa.app */,
			);
			name = Products;
			sourceTree = "<group>";
		};
		33D690762B1875CC0028B220 /* InterviewTask_Manasa */ = {
			isa = PBXGroup;
			children = (
				33821D562B188C2E00EE70ED /* Constants */,
				33821D532B188B7D00EE70ED /* Extensions */,
				33821D572B188C3700EE70ED /* Modal */,
				33821D5C2B1895B400EE70ED /* View */,
				33821D5D2B1895C100EE70ED /* ViewModal */,
				33821D5E2B1895E700EE70ED /* Controllers */,
				33D690832B1875CD0028B220 /* Assets.xcassets */,
				33D690882B1875CD0028B220 /* Info.plist */,
				33D690802B1875CC0028B220 /* InterviewTask_Manasa.xcdatamodeld */,
			);
			path = InterviewTask_Manasa;
			sourceTree = "<group>";
		};
		D0EE76A0704443060DABEC61 /* Frameworks */ = {
			isa = PBXGroup;
			children = (
				1E8A1DF0CF669FA64A2D2710 /* Pods_InterviewTask_Manasa.framework */,
			);
			name = Frameworks;
			sourceTree = "<group>";
		};
/* End PBXGroup section */

/* Begin PBXNativeTarget section */
		33D690732B1875CC0028B220 /* InterviewTask_Manasa */ = {
			isa = PBXNativeTarget;
			buildConfigurationList = 33D6908B2B1875CD0028B220 /* Build configuration list for PBXNativeTarget "InterviewTask_Manasa" */;
			buildPhases = (
				B9B29F3B6B0336D91B5357DD /* [CP] Check Pods Manifest.lock */,
				33D690702B1875CC0028B220 /* Sources */,
				33D690712B1875CC0028B220 /* Frameworks */,
				33D690722B1875CC0028B220 /* Resources */,
				E5D3ECB869F02AA17E1E8A01 /* [CP] Embed Pods Frameworks */,
				1756EA99EDEB3676DB107AFE /* [CP] Copy Pods Resources */,
			);
			buildRules = (
			);
			dependencies = (
			);
			name = InterviewTask_Manasa;
			productName = InterviewTask_Manasa;
			productReference = 33D690742B1875CC0028B220 /* InterviewTask_Manasa.app */;
			productType = "com.apple.product-type.application";
		};
/* End PBXNativeTarget section */

/* Begin PBXProject section */
		33D6906C2B1875CC0028B220 /* Project object */ = {
			isa = PBXProject;
			attributes = {
				BuildIndependentTargetsInParallel = 1;
				LastSwiftUpdateCheck = 1420;
				LastUpgradeCheck = 1420;
				TargetAttributes = {
					33D690732B1875CC0028B220 = {
						CreatedOnToolsVersion = 14.2;
					};
				};
			};
			buildConfigurationList = 33D6906F2B1875CC0028B220 /* Build configuration list for PBXProject "InterviewTask_Manasa" */;
			compatibilityVersion = "Xcode 14.0";
			developmentRegion = en;
			hasScannedForEncodings = 0;
			knownRegions = (
				en,
				Base,
			);
			mainGroup = 33D6906B2B1875CC0028B220;
			productRefGroup = 33D690752B1875CC0028B220 /* Products */;
			projectDirPath = "";
			projectRoot = "";
			targets = (
				33D690732B1875CC0028B220 /* InterviewTask_Manasa */,
			);
		};
/* End PBXProject section */

/* Begin PBXResourcesBuildPhase section */
		33D690722B1875CC0028B220 /* Resources */ = {
			isa = PBXResourcesBuildPhase;
			buildActionMask = 2147483647;
			files = (
				33D690872B1875CD0028B220 /* LaunchScreen.storyboard in Resources */,
				33D690842B1875CD0028B220 /* Assets.xcassets in Resources */,
				33D6907F2B1875CC0028B220 /* Main.storyboard in Resources */,
			);
			runOnlyForDeploymentPostprocessing = 0;
		};
/* End PBXResourcesBuildPhase section */

/* Begin PBXShellScriptBuildPhase section */
		1756EA99EDEB3676DB107AFE /* [CP] Copy Pods Resources */ = {
			isa = PBXShellScriptBuildPhase;
			buildActionMask = 2147483647;
			files = (
			);
			inputFileListPaths = (
				"${PODS_ROOT}/Target Support Files/Pods-InterviewTask_Manasa/Pods-InterviewTask_Manasa-resources-${CONFIGURATION}-input-files.xcfilelist",
			);
			name = "[CP] Copy Pods Resources";
			outputFileListPaths = (
				"${PODS_ROOT}/Target Support Files/Pods-InterviewTask_Manasa/Pods-InterviewTask_Manasa-resources-${CONFIGURATION}-output-files.xcfilelist",
			);
			runOnlyForDeploymentPostprocessing = 0;
			shellPath = /bin/sh;
			shellScript = "\"${PODS_ROOT}/Target Support Files/Pods-InterviewTask_Manasa/Pods-InterviewTask_Manasa-resources.sh\"\n";
			showEnvVarsInLog = 0;
		};
		B9B29F3B6B0336D91B5357DD /* [CP] Check Pods Manifest.lock */ = {
			isa = PBXShellScriptBuildPhase;
			buildActionMask = 2147483647;
			files = (
			);
			inputFileListPaths = (
			);
			inputPaths = (
				"${PODS_PODFILE_DIR_PATH}/Podfile.lock",
				"${PODS_ROOT}/Manifest.lock",
			);
			name = "[CP] Check Pods Manifest.lock";
			outputFileListPaths = (
			);
			outputPaths = (
				"$(DERIVED_FILE_DIR)/Pods-InterviewTask_Manasa-checkManifestLockResult.txt",
			);
			runOnlyForDeploymentPostprocessing = 0;
			shellPath = /bin/sh;
			shellScript = "diff \"${PODS_PODFILE_DIR_PATH}/Podfile.lock\" \"${PODS_ROOT}/Manifest.lock\" > /dev/null\nif [ $? != 0 ] ; then\n    # print error to STDERR\n    echo \"error: The sandbox is not in sync with the Podfile.lock. Run 'pod install' or update your CocoaPods installation.\" >&2\n    exit 1\nfi\n# This output is used by Xcode 'outputs' to avoid re-running this script phase.\necho \"SUCCESS\" > \"${SCRIPT_OUTPUT_FILE_0}\"\n";
			showEnvVarsInLog = 0;
		};
		E5D3ECB869F02AA17E1E8A01 /* [CP] Embed Pods Frameworks */ = {
			isa = PBXShellScriptBuildPhase;
			buildActionMask = 2147483647;
			files = (
			);
			inputFileListPaths = (
				"${PODS_ROOT}/Target Support Files/Pods-InterviewTask_Manasa/Pods-InterviewTask_Manasa-frameworks-${CONFIGURATION}-input-files.xcfilelist",
			);
			name = "[CP] Embed Pods Frameworks";
			outputFileListPaths = (
				"${PODS_ROOT}/Target Support Files/Pods-InterviewTask_Manasa/Pods-InterviewTask_Manasa-frameworks-${CONFIGURATION}-output-files.xcfilelist",
			);
			runOnlyForDeploymentPostprocessing = 0;
			shellPath = /bin/sh;
			shellScript = "\"${PODS_ROOT}/Target Support Files/Pods-InterviewTask_Manasa/Pods-InterviewTask_Manasa-frameworks.sh\"\n";
			showEnvVarsInLog = 0;
		};
/* End PBXShellScriptBuildPhase section */

/* Begin PBXSourcesBuildPhase section */
		33D690702B1875CC0028B220 /* Sources */ = {
			isa = PBXSourcesBuildPhase;
			buildActionMask = 2147483647;
			files = (
				33821D592B188C4B00EE70ED /* LoginUserModal.swift in Sources */,
				33821D662B18BD8300EE70ED /* apicalling.swift in Sources */,
				33821D6C2B18D3DC00EE70ED /* ImageModal.swift in Sources */,
				33D6907C2B1875CC0028B220 /* GoogleSignInViewController.swift in Sources */,
				33821D6E2B18D77100EE70ED /* ShadowUIView.swift in Sources */,
				33821D602B18961800EE70ED /* ListOfImagesViewController.swift in Sources */,
				33D690782B1875CC0028B220 /* AppDelegate.swift in Sources */,
				33D6907A2B1875CC0028B220 /* SceneDelegate.swift in Sources */,
				33821D5B2B188DA400EE70ED /* Constants.swift in Sources */,
				33821D642B18AD0000EE70ED /* myCollectionViewCell.swift in Sources */,
				33821D622B18965800EE70ED /* ProfileViewController.swift in Sources */,
				33821D6A2B18D23E00EE70ED /* PhotosResponseModal.swift in Sources */,
				33D690822B1875CC0028B220 /* InterviewTask_Manasa.xcdatamodeld in Sources */,
				33821D552B188B9300EE70ED /* AlertViewExtension.swift in Sources */,
			);
			runOnlyForDeploymentPostprocessing = 0;
		};
/* End PBXSourcesBuildPhase section */

/* Begin PBXVariantGroup section */
		33D6907D2B1875CC0028B220 /* Main.storyboard */ = {
			isa = PBXVariantGroup;
			children = (
				33D6907E2B1875CC0028B220 /* Base */,
			);
			name = Main.storyboard;
			sourceTree = "<group>";
		};
		33D690852B1875CD0028B220 /* LaunchScreen.storyboard */ = {
			isa = PBXVariantGroup;
			children = (
				33D690862B1875CD0028B220 /* Base */,
			);
			name = LaunchScreen.storyboard;
			sourceTree = "<group>";
		};
/* End PBXVariantGroup section */

/* Begin XCBuildConfiguration section */
		33D690892B1875CD0028B220 /* Debug */ = {
			isa = XCBuildConfiguration;
			buildSettings = {
				ALWAYS_SEARCH_USER_PATHS = NO;
				CLANG_ANALYZER_NONNULL = YES;
				CLANG_ANALYZER_NUMBER_OBJECT_CONVERSION = YES_AGGRESSIVE;
				CLANG_CXX_LANGUAGE_STANDARD = "gnu++20";
				CLANG_ENABLE_MODULES = YES;
				CLANG_ENABLE_OBJC_ARC = YES;
				CLANG_ENABLE_OBJC_WEAK = YES;
				CLANG_WARN_BLOCK_CAPTURE_AUTORELEASING = YES;
				CLANG_WARN_BOOL_CONVERSION = YES;
				CLANG_WARN_COMMA = YES;
				CLANG_WARN_CONSTANT_CONVERSION = YES;
				CLANG_WARN_DEPRECATED_OBJC_IMPLEMENTATIONS = YES;
				CLANG_WARN_DIRECT_OBJC_ISA_USAGE = YES_ERROR;
				CLANG_WARN_DOCUMENTATION_COMMENTS = YES;
				CLANG_WARN_EMPTY_BODY = YES;
				CLANG_WARN_ENUM_CONVERSION = YES;
				CLANG_WARN_INFINITE_RECURSION = YES;
				CLANG_WARN_INT_CONVERSION = YES;
				CLANG_WARN_NON_LITERAL_NULL_CONVERSION = YES;
				CLANG_WARN_OBJC_IMPLICIT_RETAIN_SELF = YES;
				CLANG_WARN_OBJC_LITERAL_CONVERSION = YES;
				CLANG_WARN_OBJC_ROOT_CLASS = YES_ERROR;
				CLANG_WARN_QUOTED_INCLUDE_IN_FRAMEWORK_HEADER = YES;
				CLANG_WARN_RANGE_LOOP_ANALYSIS = YES;
				CLANG_WARN_STRICT_PROTOTYPES = YES;
				CLANG_WARN_SUSPICIOUS_MOVE = YES;
				CLANG_WARN_UNGUARDED_AVAILABILITY = YES_AGGRESSIVE;
				CLANG_WARN_UNREACHABLE_CODE = YES;
				CLANG_WARN__DUPLICATE_METHOD_MATCH = YES;
				COPY_PHASE_STRIP = NO;
				DEBUG_INFORMATION_FORMAT = dwarf;
				ENABLE_STRICT_OBJC_MSGSEND = YES;
				ENABLE_TESTABILITY = YES;
				GCC_C_LANGUAGE_STANDARD = gnu11;
				GCC_DYNAMIC_NO_PIC = NO;
				GCC_NO_COMMON_BLOCKS = YES;
				GCC_OPTIMIZATION_LEVEL = 0;
				GCC_PREPROCESSOR_DEFINITIONS = (
					"DEBUG=1",
					"$(inherited)",
				);
				GCC_WARN_64_TO_32_BIT_CONVERSION = YES;
				GCC_WARN_ABOUT_RETURN_TYPE = YES_ERROR;
				GCC_WARN_UNDECLARED_SELECTOR = YES;
				GCC_WARN_UNINITIALIZED_AUTOS = YES_AGGRESSIVE;
				GCC_WARN_UNUSED_FUNCTION = YES;
				GCC_WARN_UNUSED_VARIABLE = YES;
				IPHONEOS_DEPLOYMENT_TARGET = 16.2;
				MTL_ENABLE_DEBUG_INFO = INCLUDE_SOURCE;
				MTL_FAST_MATH = YES;
				ONLY_ACTIVE_ARCH = YES;
				SDKROOT = iphoneos;
				SWIFT_ACTIVE_COMPILATION_CONDITIONS = DEBUG;
				SWIFT_OPTIMIZATION_LEVEL = "-Onone";
			};
			name = Debug;
		};
		33D6908A2B1875CD0028B220 /* Release */ = {
			isa = XCBuildConfiguration;
			buildSettings = {
				ALWAYS_SEARCH_USER_PATHS = NO;
				CLANG_ANALYZER_NONNULL = YES;
				CLANG_ANALYZER_NUMBER_OBJECT_CONVERSION = YES_AGGRESSIVE;
				CLANG_CXX_LANGUAGE_STANDARD = "gnu++20";
				CLANG_ENABLE_MODULES = YES;
				CLANG_ENABLE_OBJC_ARC = YES;
				CLANG_ENABLE_OBJC_WEAK = YES;
				CLANG_WARN_BLOCK_CAPTURE_AUTORELEASING = YES;
				CLANG_WARN_BOOL_CONVERSION = YES;
				CLANG_WARN_COMMA = YES;
				CLANG_WARN_CONSTANT_CONVERSION = YES;
				CLANG_WARN_DEPRECATED_OBJC_IMPLEMENTATIONS = YES;
				CLANG_WARN_DIRECT_OBJC_ISA_USAGE = YES_ERROR;
				CLANG_WARN_DOCUMENTATION_COMMENTS = YES;
				CLANG_WARN_EMPTY_BODY = YES;
				CLANG_WARN_ENUM_CONVERSION = YES;
				CLANG_WARN_INFINITE_RECURSION = YES;
				CLANG_WARN_INT_CONVERSION = YES;
				CLANG_WARN_NON_LITERAL_NULL_CONVERSION = YES;
				CLANG_WARN_OBJC_IMPLICIT_RETAIN_SELF = YES;
				CLANG_WARN_OBJC_LITERAL_CONVERSION = YES;
				CLANG_WARN_OBJC_ROOT_CLASS = YES_ERROR;
				CLANG_WARN_QUOTED_INCLUDE_IN_FRAMEWORK_HEADER = YES;
				CLANG_WARN_RANGE_LOOP_ANALYSIS = YES;
				CLANG_WARN_STRICT_PROTOTYPES = YES;
				CLANG_WARN_SUSPICIOUS_MOVE = YES;
				CLANG_WARN_UNGUARDED_AVAILABILITY = YES_AGGRESSIVE;
				CLANG_WARN_UNREACHABLE_CODE = YES;
				CLANG_WARN__DUPLICATE_METHOD_MATCH = YES;
				COPY_PHASE_STRIP = NO;
				DEBUG_INFORMATION_FORMAT = "dwarf-with-dsym";
				ENABLE_NS_ASSERTIONS = NO;
				ENABLE_STRICT_OBJC_MSGSEND = YES;
				GCC_C_LANGUAGE_STANDARD = gnu11;
				GCC_NO_COMMON_BLOCKS = YES;
				GCC_WARN_64_TO_32_BIT_CONVERSION = YES;
				GCC_WARN_ABOUT_RETURN_TYPE = YES_ERROR;
				GCC_WARN_UNDECLARED_SELECTOR = YES;
				GCC_WARN_UNINITIALIZED_AUTOS = YES_AGGRESSIVE;
				GCC_WARN_UNUSED_FUNCTION = YES;
				GCC_WARN_UNUSED_VARIABLE = YES;
				IPHONEOS_DEPLOYMENT_TARGET = 16.2;
				MTL_ENABLE_DEBUG_INFO = NO;
				MTL_FAST_MATH = YES;
				SDKROOT = iphoneos;
				SWIFT_COMPILATION_MODE = wholemodule;
				SWIFT_OPTIMIZATION_LEVEL = "-O";
				VALIDATE_PRODUCT = YES;
			};
			name = Release;
		};
		33D6908C2B1875CD0028B220 /* Debug */ = {
			isa = XCBuildConfiguration;
			baseConfigurationReference = 00F67CA4CA776996A34B93C3 /* Pods-InterviewTask_Manasa.debug.xcconfig */;
			buildSettings = {
				ASSETCATALOG_COMPILER_APPICON_NAME = AppIcon;
				ASSETCATALOG_COMPILER_GLOBAL_ACCENT_COLOR_NAME = AccentColor;
				CODE_SIGN_STYLE = Automatic;
				CURRENT_PROJECT_VERSION = 1;
				GENERATE_INFOPLIST_FILE = YES;
				INFOPLIST_FILE = InterviewTask_Manasa/Info.plist;
				INFOPLIST_KEY_UIApplicationSupportsIndirectInputEvents = YES;
				INFOPLIST_KEY_UILaunchStoryboardName = LaunchScreen;
				INFOPLIST_KEY_UIMainStoryboardFile = Main;
				INFOPLIST_KEY_UISupportedInterfaceOrientations_iPad = "UIInterfaceOrientationPortrait UIInterfaceOrientationPortraitUpsideDown UIInterfaceOrientationLandscapeLeft UIInterfaceOrientationLandscapeRight";
				INFOPLIST_KEY_UISupportedInterfaceOrientations_iPhone = "UIInterfaceOrientationPortrait UIInterfaceOrientationLandscapeLeft UIInterfaceOrientationLandscapeRight";
				LD_RUNPATH_SEARCH_PATHS = (
					"$(inherited)",
					"@executable_path/Frameworks",
				);
				MARKETING_VERSION = 1.0;
				PRODUCT_BUNDLE_IDENTIFIER = "com.brninfotech.InterviewTask-Manasa";
				PRODUCT_NAME = "$(TARGET_NAME)";
				SWIFT_EMIT_LOC_STRINGS = YES;
				SWIFT_VERSION = 5.0;
				TARGETED_DEVICE_FAMILY = "1,2";
			};
			name = Debug;
		};
		33D6908D2B1875CD0028B220 /* Release */ = {
			isa = XCBuildConfiguration;
			baseConfigurationReference = DBEC44522FD3594F580C80DA /* Pods-InterviewTask_Manasa.release.xcconfig */;
			buildSettings = {
				ASSETCATALOG_COMPILER_APPICON_NAME = AppIcon;
				ASSETCATALOG_COMPILER_GLOBAL_ACCENT_COLOR_NAME = AccentColor;
				CODE_SIGN_STYLE = Automatic;
				CURRENT_PROJECT_VERSION = 1;
				GENERATE_INFOPLIST_FILE = YES;
				INFOPLIST_FILE = InterviewTask_Manasa/Info.plist;
				INFOPLIST_KEY_UIApplicationSupportsIndirectInputEvents = YES;
				INFOPLIST_KEY_UILaunchStoryboardName = LaunchScreen;
				INFOPLIST_KEY_UIMainStoryboardFile = Main;
				INFOPLIST_KEY_UISupportedInterfaceOrientations_iPad = "UIInterfaceOrientationPortrait UIInterfaceOrientationPortraitUpsideDown UIInterfaceOrientationLandscapeLeft UIInterfaceOrientationLandscapeRight";
				INFOPLIST_KEY_UISupportedInterfaceOrientations_iPhone = "UIInterfaceOrientationPortrait UIInterfaceOrientationLandscapeLeft UIInterfaceOrientationLandscapeRight";
				LD_RUNPATH_SEARCH_PATHS = (
					"$(inherited)",
					"@executable_path/Frameworks",
				);
				MARKETING_VERSION = 1.0;
				PRODUCT_BUNDLE_IDENTIFIER = "com.brninfotech.InterviewTask-Manasa";
				PRODUCT_NAME = "$(TARGET_NAME)";
				SWIFT_EMIT_LOC_STRINGS = YES;
				SWIFT_VERSION = 5.0;
				TARGETED_DEVICE_FAMILY = "1,2";
			};
			name = Release;
		};
/* End XCBuildConfiguration section */

/* Begin XCConfigurationList section */
		33D6906F2B1875CC0028B220 /* Build configuration list for PBXProject "InterviewTask_Manasa" */ = {
			isa = XCConfigurationList;
			buildConfigurations = (
				33D690892B1875CD0028B220 /* Debug */,
				33D6908A2B1875CD0028B220 /* Release */,
			);
			defaultConfigurationIsVisible = 0;
			defaultConfigurationName = Release;
		};
		33D6908B2B1875CD0028B220 /* Build configuration list for PBXNativeTarget "InterviewTask_Manasa" */ = {
			isa = XCConfigurationList;
			buildConfigurations = (
				33D6908C2B1875CD0028B220 /* Debug */,
				33D6908D2B1875CD0028B220 /* Release */,
			);
			defaultConfigurationIsVisible = 0;
			defaultConfigurationName = Release;
		};
/* End XCConfigurationList section */

/* Begin XCVersionGroup section */
		33D690802B1875CC0028B220 /* InterviewTask_Manasa.xcdatamodeld */ = {
			isa = XCVersionGroup;
			children = (
				33D690812B1875CC0028B220 /* InterviewTask_Manasa.xcdatamodel */,
			);
			currentVersion = 33D690812B1875CC0028B220 /* InterviewTask_Manasa.xcdatamodel */;
			path = InterviewTask_Manasa.xcdatamodeld;
			sourceTree = "<group>";
			versionGroupType = wrapper.xcdatamodel;
		};
/* End XCVersionGroup section */
	};
	rootObject = 33D6906C2B1875CC0028B220 /* Project object */;
}
